
Microsoft Visual Studio Solution File, Format Version 12.00
# Visual Studio Version 17
VisualStudioVersion = 17.7.34024.191
MinimumVisualStudioVersion = 10.0.40219.1
Project("{8BC9CEB8-8B4A-11D0-8D11-00A0C91BC942}") = "FirstConsoleApplication", "FirstConsoleApplication\FirstConsoleApplication.vcxproj", "{25EA6920-A42E-4E7A-9DF0-C0E0D066EAE2}"
EndProject
Global
	GlobalSection(SolutionConfigurationPlatforms) = preSolution
		Debug|x64 = Debug|x64
		Debug|x86 = Debug|x86
		Release|x64 = Release|x64
		Release|x86 = Release|x86
	EndGlobalSection
	GlobalSection(ProjectConfigurationPlatforms) = postSolution
		{25EA6920-A42E-4E7A-9DF0-C0E0D066EAE2}.Debug|x64.ActiveCfg = Debug|x64
		{25EA6920-A42E-4E7A-9DF0-C0E0D066EAE2}.Debug|x64.Build.0 = Debug|x64
		{25EA6920-A42E-4E7A-9DF0-C0E0D066EAE2}.Debug|x86.ActiveCfg = Debug|Win32
		{25EA6920-A42E-4E7A-9DF0-C0E0D066EAE2}.Debug|x86.Build.0 = Debug|Win32
		{25EA6920-A42E-4E7A-9DF0-C0E0D066EAE2}.Release|x64.ActiveCfg = Release|x64
		{25EA6920-A42E-4E7A-9DF0-C0E0D066EAE2}.Release|x64.Build.0 = Release|x64
		{25EA6920-A42E-4E7A-9DF0-C0E0D066EAE2}.Release|x86.ActiveCfg = Release|Win32
		{25EA6920-A42E-4E7A-9DF0-C0E0D066EAE2}.Release|x86.Build.0 = Release|Win32
	EndGlobalSection
	GlobalSection(SolutionProperties) = preSolution
		HideSolutionNode = FALSE
	EndGlobalSection
	GlobalSection(ExtensibilityGlobals) = postSolution
		SolutionGuid = {7D16EA75-9670-4F5A-878C-966D38902DD4}
	EndGlobalSection
EndGlobal
